
Microsoft Visual Studio Solution File, Format Version 12.00
# Visual Studio 15
VisualStudioVersion = 15.0.28010.2003
MinimumVisualStudioVersion = 10.0.40219.1
Project("{FAE04EC0-301F-11D3-BF4B-00C04F79EFBC}") = "WPF1_2", "WPF1_2\WPF1_2.csproj", "{CC50B2BB-8875-47F6-A65B-7C726D19CEA3}"
EndProject
Global
	GlobalSection(SolutionConfigurationPlatforms) = preSolution
		Debug|Any CPU = Debug|Any CPU
		Release|Any CPU = Release|Any CPU
	EndGlobalSection
	GlobalSection(ProjectConfigurationPlatforms) = postSolution
		{CC50B2BB-8875-47F6-A65B-7C726D19CEA3}.Debug|Any CPU.ActiveCfg = Debug|Any CPU
		{CC50B2BB-8875-47F6-A65B-7C726D19CEA3}.Debug|Any CPU.Build.0 = Debug|Any CPU
		{CC50B2BB-8875-47F6-A65B-7C726D19CEA3}.Release|Any CPU.ActiveCfg = Release|Any CPU
		{CC50B2BB-8875-47F6-A65B-7C726D19CEA3}.Release|Any CPU.Build.0 = Release|Any CPU
	EndGlobalSection
	GlobalSection(SolutionProperties) = preSolution
		HideSolutionNode = FALSE
	EndGlobalSection
	GlobalSection(ExtensibilityGlobals) = postSolution
		SolutionGuid = {36F8DBFE-CF06-4A76-AC0C-4F68D33B33E9}
	EndGlobalSection
EndGlobal
